// !$*UTF8*$!
{
	archiveVersion = 1;
	classes = {
	};
	objectVersion = 56;
	objects = {

/* Begin PBXBuildFile section */
		820322BB29A6C0FD00B02726 /* SwiftUI_MVC_TestApp.swift in Sources */ = {isa = PBXBuildFile; fileRef = 820322BA29A6C0FD00B02726 /* SwiftUI_MVC_TestApp.swift */; };
		820322BD29A6C0FD00B02726 /* ContentView.swift in Sources */ = {isa = PBXBuildFile; fileRef = 820322BC29A6C0FD00B02726 /* ContentView.swift */; };
		820322BF29A6C0FD00B02726 /* Assets.xcassets in Resources */ = {isa = PBXBuildFile; fileRef = 820322BE29A6C0FD00B02726 /* Assets.xcassets */; };
		820322C329A6C0FD00B02726 /* Preview Assets.xcassets in Resources */ = {isa = PBXBuildFile; fileRef = 820322C229A6C0FD00B02726 /* Preview Assets.xcassets */; };
		820322CC29A6C48400B02726 /* AppModel.swift in Sources */ = {isa = PBXBuildFile; fileRef = 820322CA29A6C48400B02726 /* AppModel.swift */; };
		820322CD29A6C48400B02726 /* SessionModel.swift in Sources */ = {isa = PBXBuildFile; fileRef = 820322CB29A6C48400B02726 /* SessionModel.swift */; };
		820322CF29A6C53000B02726 /* BouncerView.swift in Sources */ = {isa = PBXBuildFile; fileRef = 820322CE29A6C53000B02726 /* BouncerView.swift */; };
		820322D229A7B88800B02726 /* HomeViewController.swift in Sources */ = {isa = PBXBuildFile; fileRef = 820322D029A7B88700B02726 /* HomeViewController.swift */; };
		820322D329A7B88800B02726 /* DetailView.swift in Sources */ = {isa = PBXBuildFile; fileRef = 820322D129A7B88800B02726 /* DetailView.swift */; };
/* End PBXBuildFile section */

/* Begin PBXFileReference section */
		820322B729A6C0FD00B02726 /* SwiftUI MVC Test.app */ = {isa = PBXFileReference; explicitFileType = wrapper.application; includeInIndex = 0; path = "SwiftUI MVC Test.app"; sourceTree = BUILT_PRODUCTS_DIR; };
		820322BA29A6C0FD00B02726 /* SwiftUI_MVC_TestApp.swift */ = {isa = PBXFileReference; lastKnownFileType = sourcecode.swift; path = SwiftUI_MVC_TestApp.swift; sourceTree = "<group>"; };
		820322BC29A6C0FD00B02726 /* ContentView.swift */ = {isa = PBXFileReference; lastKnownFileType = sourcecode.swift; path = ContentView.swift; sourceTree = "<group>"; };
		820322BE29A6C0FD00B02726 /* Assets.xcassets */ = {isa = PBXFileReference; lastKnownFileType = folder.assetcatalog; path = Assets.xcassets; sourceTree = "<group>"; };
		820322C029A6C0FD00B02726 /* SwiftUI_MVC_Test.entitlements */ = {isa = PBXFileReference; lastKnownFileType = text.plist.entitlements; path = SwiftUI_MVC_Test.entitlements; sourceTree = "<group>"; };
		820322C229A6C0FD00B02726 /* Preview Assets.xcassets */ = {isa = PBXFileReference; lastKnownFileType = folder.assetcatalog; path = "Preview Assets.xcassets"; sourceTree = "<group>"; };
		820322CA29A6C48400B02726 /* AppModel.swift */ = {isa = PBXFileReference; fileEncoding = 4; lastKnownFileType = sourcecode.swift; path = AppModel.swift; sourceTree = "<group>"; };
		820322CB29A6C48400B02726 /* SessionModel.swift */ = {isa = PBXFileReference; fileEncoding = 4; lastKnownFileType = sourcecode.swift; path = SessionModel.swift; sourceTree = "<group>"; };
		820322CE29A6C53000B02726 /* BouncerView.swift */ = {isa = PBXFileReference; fileEncoding = 4; lastKnownFileType = sourcecode.swift; path = BouncerView.swift; sourceTree = "<group>"; };
		820322D029A7B88700B02726 /* HomeViewController.swift */ = {isa = PBXFileReference; fileEncoding = 4; lastKnownFileType = sourcecode.swift; path = HomeViewController.swift; sourceTree = "<group>"; };
		820322D129A7B88800B02726 /* DetailView.swift */ = {isa = PBXFileReference; fileEncoding = 4; lastKnownFileType = sourcecode.swift; path = DetailView.swift; sourceTree = "<group>"; };
/* End PBXFileReference section */

/* Begin PBXFrameworksBuildPhase section */
		820322B429A6C0FD00B02726 /* Frameworks */ = {
			isa = PBXFrameworksBuildPhase;
			buildActionMask = 2147483647;
			files = (
			);
			runOnlyForDeploymentPostprocessing = 0;
		};
/* End PBXFrameworksBuildPhase section */

/* Begin PBXGroup section */
		820322AE29A6C0FD00B02726 = {
			isa = PBXGroup;
			children = (
				820322B929A6C0FD00B02726 /* SwiftUI MVC Test */,
				820322B829A6C0FD00B02726 /* Products */,
			);
			sourceTree = "<group>";
		};
		820322B829A6C0FD00B02726 /* Products */ = {
			isa = PBXGroup;
			children = (
				820322B729A6C0FD00B02726 /* SwiftUI MVC Test.app */,
			);
			name = Products;
			sourceTree = "<group>";
		};
		820322B929A6C0FD00B02726 /* SwiftUI MVC Test */ = {
			isa = PBXGroup;
			children = (
				820322BA29A6C0FD00B02726 /* SwiftUI_MVC_TestApp.swift */,
				820322C929A6C48400B02726 /* DataModels */,
				820322BC29A6C0FD00B02726 /* ContentView.swift */,
				820322CE29A6C53000B02726 /* BouncerView.swift */,
				820322D129A7B88800B02726 /* DetailView.swift */,
				820322D029A7B88700B02726 /* HomeViewController.swift */,
				820322BE29A6C0FD00B02726 /* Assets.xcassets */,
				820322C029A6C0FD00B02726 /* SwiftUI_MVC_Test.entitlements */,
				820322C129A6C0FD00B02726 /* Preview Content */,
			);
			path = "SwiftUI MVC Test";
			sourceTree = "<group>";
		};
		820322C129A6C0FD00B02726 /* Preview Content */ = {
			isa = PBXGroup;
			children = (
				820322C229A6C0FD00B02726 /* Preview Assets.xcassets */,
			);
			path = "Preview Content";
			sourceTree = "<group>";
		};
		820322C929A6C48400B02726 /* DataModels */ = {
			isa = PBXGroup;
			children = (
				820322CA29A6C48400B02726 /* AppModel.swift */,
				820322CB29A6C48400B02726 /* SessionModel.swift */,
			);
			path = DataModels;
			sourceTree = "<group>";
		};
/* End PBXGroup section */

/* Begin PBXNativeTarget section */
		820322B629A6C0FD00B02726 /* SwiftUI MVC Test */ = {
			isa = PBXNativeTarget;
			buildConfigurationList = 820322C629A6C0FD00B02726 /* Build configuration list for PBXNativeTarget "SwiftUI MVC Test" */;
			buildPhases = (
				820322B329A6C0FD00B02726 /* Sources */,
				820322B429A6C0FD00B02726 /* Frameworks */,
				820322B529A6C0FD00B02726 /* Resources */,
			);
			buildRules = (
			);
			dependencies = (
			);
			name = "SwiftUI MVC Test";
			productName = "SwiftUI MVC Test";
			productReference = 820322B729A6C0FD00B02726 /* SwiftUI MVC Test.app */;
			productType = "com.apple.product-type.application";
		};
/* End PBXNativeTarget section */

/* Begin PBXProject section */
		820322AF29A6C0FD00B02726 /* Project object */ = {
			isa = PBXProject;
			attributes = {
				BuildIndependentTargetsInParallel = 1;
				LastSwiftUpdateCheck = 1420;
				LastUpgradeCheck = 1420;
				TargetAttributes = {
					820322B629A6C0FD00B02726 = {
						CreatedOnToolsVersion = 14.2;
					};
				};
			};
			buildConfigurationList = 820322B229A6C0FD00B02726 /* Build configuration list for PBXProject "SwiftUI MVC Test" */;
			compatibilityVersion = "Xcode 14.0";
			developmentRegion = en;
			hasScannedForEncodings = 0;
			knownRegions = (
				en,
				Base,
			);
			mainGroup = 820322AE29A6C0FD00B02726;
			productRefGroup = 820322B829A6C0FD00B02726 /* Products */;
			projectDirPath = "";
			projectRoot = "";
			targets = (
				820322B629A6C0FD00B02726 /* SwiftUI MVC Test */,
			);
		};
/* End PBXProject section */

/* Begin PBXResourcesBuildPhase section */
		820322B529A6C0FD00B02726 /* Resources */ = {
			isa = PBXResourcesBuildPhase;
			buildActionMask = 2147483647;
			files = (
				820322C329A6C0FD00B02726 /* Preview Assets.xcassets in Resources */,
				820322BF29A6C0FD00B02726 /* Assets.xcassets in Resources */,
			);
			runOnlyForDeploymentPostprocessing = 0;
		};
/* End PBXResourcesBuildPhase section */

/* Begin PBXSourcesBuildPhase section */
		820322B329A6C0FD00B02726 /* Sources */ = {
			isa = PBXSourcesBuildPhase;
			buildActionMask = 2147483647;
			files = (
				820322BD29A6C0FD00B02726 /* ContentView.swift in Sources */,
				820322CF29A6C53000B02726 /* BouncerView.swift in Sources */,
				820322CC29A6C48400B02726 /* AppModel.swift in Sources */,
				820322CD29A6C48400B02726 /* SessionModel.swift in Sources */,
				820322BB29A6C0FD00B02726 /* SwiftUI_MVC_TestApp.swift in Sources */,
				820322D229A7B88800B02726 /* HomeViewController.swift in Sources */,
				820322D329A7B88800B02726 /* DetailView.swift in Sources */,
			);
			runOnlyForDeploymentPostprocessing = 0;
		};
/* End PBXSourcesBuildPhase section */

/* Begin XCBuildConfiguration section */
		820322C429A6C0FD00B02726 /* Debug */ = {
			isa = XCBuildConfiguration;
			buildSettings = {
				ALWAYS_SEARCH_USER_PATHS = NO;
				CLANG_ANALYZER_NONNULL = YES;
				CLANG_ANALYZER_NUMBER_OBJECT_CONVERSION = YES_AGGRESSIVE;
				CLANG_CXX_LANGUAGE_STANDARD = "gnu++20";
				CLANG_ENABLE_MODULES = YES;
				CLANG_ENABLE_OBJC_ARC = YES;
				CLANG_ENABLE_OBJC_WEAK = YES;
				CLANG_WARN_BLOCK_CAPTURE_AUTORELEASING = YES;
				CLANG_WARN_BOOL_CONVERSION = YES;
				CLANG_WARN_COMMA = YES;
				CLANG_WARN_CONSTANT_CONVERSION = YES;
				CLANG_WARN_DEPRECATED_OBJC_IMPLEMENTATIONS = YES;
				CLANG_WARN_DIRECT_OBJC_ISA_USAGE = YES_ERROR;
				CLANG_WARN_DOCUMENTATION_COMMENTS = YES;
				CLANG_WARN_EMPTY_BODY = YES;
				CLANG_WARN_ENUM_CONVERSION = YES;
				CLANG_WARN_INFINITE_RECURSION = YES;
				CLANG_WARN_INT_CONVERSION = YES;
				CLANG_WARN_NON_LITERAL_NULL_CONVERSION = YES;
				CLANG_WARN_OBJC_IMPLICIT_RETAIN_SELF = YES;
				CLANG_WARN_OBJC_LITERAL_CONVERSION = YES;
				CLANG_WARN_OBJC_ROOT_CLASS = YES_ERROR;
				CLANG_WARN_QUOTED_INCLUDE_IN_FRAMEWORK_HEADER = YES;
				CLANG_WARN_RANGE_LOOP_ANALYSIS = YES;
				CLANG_WARN_STRICT_PROTOTYPES = YES;
				CLANG_WARN_SUSPICIOUS_MOVE = YES;
				CLANG_WARN_UNGUARDED_AVAILABILITY = YES_AGGRESSIVE;
				CLANG_WARN_UNREACHABLE_CODE = YES;
				CLANG_WARN__DUPLICATE_METHOD_MATCH = YES;
				COPY_PHASE_STRIP = NO;
				DEBUG_INFORMATION_FORMAT = dwarf;
				ENABLE_STRICT_OBJC_MSGSEND = YES;
				ENABLE_TESTABILITY = YES;
				GCC_C_LANGUAGE_STANDARD = gnu11;
				GCC_DYNAMIC_NO_PIC = NO;
				GCC_NO_COMMON_BLOCKS = YES;
				GCC_OPTIMIZATION_LEVEL = 0;
				GCC_PREPROCESSOR_DEFINITIONS = (
					"DEBUG=1",
					"$(inherited)",
				);
				GCC_WARN_64_TO_32_BIT_CONVERSION = YES;
				GCC_WARN_ABOUT_RETURN_TYPE = YES_ERROR;
				GCC_WARN_UNDECLARED_SELECTOR = YES;
				GCC_WARN_UNINITIALIZED_AUTOS = YES_AGGRESSIVE;
				GCC_WARN_UNUSED_FUNCTION = YES;
				GCC_WARN_UNUSED_VARIABLE = YES;
				MTL_ENABLE_DEBUG_INFO = INCLUDE_SOURCE;
				MTL_FAST_MATH = YES;
				ONLY_ACTIVE_ARCH = YES;
				SWIFT_ACTIVE_COMPILATION_CONDITIONS = DEBUG;
				SWIFT_OPTIMIZATION_LEVEL = "-Onone";
			};
			name = Debug;
		};
		820322C529A6C0FD00B02726 /* Release */ = {
			isa = XCBuildConfiguration;
			buildSettings = {
				ALWAYS_SEARCH_USER_PATHS = NO;
				CLANG_ANALYZER_NONNULL = YES;
				CLANG_ANALYZER_NUMBER_OBJECT_CONVERSION = YES_AGGRESSIVE;
				CLANG_CXX_LANGUAGE_STANDARD = "gnu++20";
				CLANG_ENABLE_MODULES = YES;
				CLANG_ENABLE_OBJC_ARC = YES;
				CLANG_ENABLE_OBJC_WEAK = YES;
				CLANG_WARN_BLOCK_CAPTURE_AUTORELEASING = YES;
				CLANG_WARN_BOOL_CONVERSION = YES;
				CLANG_WARN_COMMA = YES;
				CLANG_WARN_CONSTANT_CONVERSION = YES;
				CLANG_WARN_DEPRECATED_OBJC_IMPLEMENTATIONS = YES;
				CLANG_WARN_DIRECT_OBJC_ISA_USAGE = YES_ERROR;
				CLANG_WARN_DOCUMENTATION_COMMENTS = YES;
				CLANG_WARN_EMPTY_BODY = YES;
				CLANG_WARN_ENUM_CONVERSION = YES;
				CLANG_WARN_INFINITE_RECURSION = YES;
				CLANG_WARN_INT_CONVERSION = YES;
				CLANG_WARN_NON_LITERAL_NULL_CONVERSION = YES;
				CLANG_WARN_OBJC_IMPLICIT_RETAIN_SELF = YES;
				CLANG_WARN_OBJC_LITERAL_CONVERSION = YES;
				CLANG_WARN_OBJC_ROOT_CLASS = YES_ERROR;
				CLANG_WARN_QUOTED_INCLUDE_IN_FRAMEWORK_HEADER = YES;
				CLANG_WARN_RANGE_LOOP_ANALYSIS = YES;
				CLANG_WARN_STRICT_PROTOTYPES = YES;
				CLANG_WARN_SUSPICIOUS_MOVE = YES;
				CLANG_WARN_UNGUARDED_AVAILABILITY = YES_AGGRESSIVE;
				CLANG_WARN_UNREACHABLE_CODE = YES;
				CLANG_WARN__DUPLICATE_METHOD_MATCH = YES;
				COPY_PHASE_STRIP = NO;
				DEBUG_INFORMATION_FORMAT = "dwarf-with-dsym";
				ENABLE_NS_ASSERTIONS = NO;
				ENABLE_STRICT_OBJC_MSGSEND = YES;
				GCC_C_LANGUAGE_STANDARD = gnu11;
				GCC_NO_COMMON_BLOCKS = YES;
				GCC_WARN_64_TO_32_BIT_CONVERSION = YES;
				GCC_WARN_ABOUT_RETURN_TYPE = YES_ERROR;
				GCC_WARN_UNDECLARED_SELECTOR = YES;
				GCC_WARN_UNINITIALIZED_AUTOS = YES_AGGRESSIVE;
				GCC_WARN_UNUSED_FUNCTION = YES;
				GCC_WARN_UNUSED_VARIABLE = YES;
				MTL_ENABLE_DEBUG_INFO = NO;
				MTL_FAST_MATH = YES;
				SWIFT_COMPILATION_MODE = wholemodule;
				SWIFT_OPTIMIZATION_LEVEL = "-O";
			};
			name = Release;
		};
		820322C729A6C0FD00B02726 /* Debug */ = {
			isa = XCBuildConfiguration;
			buildSettings = {
				ASSETCATALOG_COMPILER_APPICON_NAME = AppIcon;
				ASSETCATALOG_COMPILER_GLOBAL_ACCENT_COLOR_NAME = AccentColor;
				CODE_SIGN_ENTITLEMENTS = "SwiftUI MVC Test/SwiftUI_MVC_Test.entitlements";
				CODE_SIGN_STYLE = Automatic;
				CURRENT_PROJECT_VERSION = 1;
				DEVELOPMENT_ASSET_PATHS = "\"SwiftUI MVC Test/Preview Content\"";
				DEVELOPMENT_TEAM = 2Y57V7L6P2;
				ENABLE_HARDENED_RUNTIME = YES;
				ENABLE_PREVIEWS = YES;
				GENERATE_INFOPLIST_FILE = YES;
				"INFOPLIST_KEY_UIApplicationSceneManifest_Generation[sdk=iphoneos*]" = YES;
				"INFOPLIST_KEY_UIApplicationSceneManifest_Generation[sdk=iphonesimulator*]" = YES;
				"INFOPLIST_KEY_UIApplicationSupportsIndirectInputEvents[sdk=iphoneos*]" = YES;
				"INFOPLIST_KEY_UIApplicationSupportsIndirectInputEvents[sdk=iphonesimulator*]" = YES;
				"INFOPLIST_KEY_UILaunchScreen_Generation[sdk=iphoneos*]" = YES;
				"INFOPLIST_KEY_UILaunchScreen_Generation[sdk=iphonesimulator*]" = YES;
				"INFOPLIST_KEY_UIStatusBarStyle[sdk=iphoneos*]" = UIStatusBarStyleDefault;
				"INFOPLIST_KEY_UIStatusBarStyle[sdk=iphonesimulator*]" = UIStatusBarStyleDefault;
				INFOPLIST_KEY_UISupportedInterfaceOrientations_iPad = "UIInterfaceOrientationPortrait UIInterfaceOrientationPortraitUpsideDown UIInterfaceOrientationLandscapeLeft UIInterfaceOrientationLandscapeRight";
				INFOPLIST_KEY_UISupportedInterfaceOrientations_iPhone = "UIInterfaceOrientationPortrait UIInterfaceOrientationLandscapeLeft UIInterfaceOrientationLandscapeRight";
				IPHONEOS_DEPLOYMENT_TARGET = 16.2;
				LD_RUNPATH_SEARCH_PATHS = "@executable_path/Frameworks";
				"LD_RUNPATH_SEARCH_PATHS[sdk=macosx*]" = "@executable_path/../Frameworks";
				MACOSX_DEPLOYMENT_TARGET = 13.1;
				MARKETING_VERSION = 1.0;
				PRODUCT_BUNDLE_IDENTIFIER = "com.littlemustard.SwiftUI-MVC-Test";
				PRODUCT_NAME = "$(TARGET_NAME)";
				SDKROOT = auto;
				SUPPORTED_PLATFORMS = "iphoneos iphonesimulator macosx";
				SWIFT_EMIT_LOC_STRINGS = YES;
				SWIFT_VERSION = 5.0;
				TARGETED_DEVICE_FAMILY = "1,2";
			};
			name = Debug;
		};
		820322C829A6C0FD00B02726 /* Release */ = {
			isa = XCBuildConfiguration;
			buildSettings = {
				ASSETCATALOG_COMPILER_APPICON_NAME = AppIcon;
				ASSETCATALOG_COMPILER_GLOBAL_ACCENT_COLOR_NAME = AccentColor;
				CODE_SIGN_ENTITLEMENTS = "SwiftUI MVC Test/SwiftUI_MVC_Test.entitlements";
				CODE_SIGN_STYLE = Automatic;
				CURRENT_PROJECT_VERSION = 1;
				DEVELOPMENT_ASSET_PATHS = "\"SwiftUI MVC Test/Preview Content\"";
				DEVELOPMENT_TEAM = 2Y57V7L6P2;
				ENABLE_HARDENED_RUNTIME = YES;
				ENABLE_PREVIEWS = YES;
				GENERATE_INFOPLIST_FILE = YES;
				"INFOPLIST_KEY_UIApplicationSceneManifest_Generation[sdk=iphoneos*]" = YES;
				"INFOPLIST_KEY_UIApplicationSceneManifest_Generation[sdk=iphonesimulator*]" = YES;
				"INFOPLIST_KEY_UIApplicationSupportsIndirectInputEvents[sdk=iphoneos*]" = YES;
				"INFOPLIST_KEY_UIApplicationSupportsIndirectInputEvents[sdk=iphonesimulator*]" = YES;
				"INFOPLIST_KEY_UILaunchScreen_Generation[sdk=iphoneos*]" = YES;
				"INFOPLIST_KEY_UILaunchScreen_Generation[sdk=iphonesimulator*]" = YES;
				"INFOPLIST_KEY_UIStatusBarStyle[sdk=iphoneos*]" = UIStatusBarStyleDefault;
				"INFOPLIST_KEY_UIStatusBarStyle[sdk=iphonesimulator*]" = UIStatusBarStyleDefault;
				INFOPLIST_KEY_UISupportedInterfaceOrientations_iPad = "UIInterfaceOrientationPortrait UIInterfaceOrientationPortraitUpsideDown UIInterfaceOrientationLandscapeLeft UIInterfaceOrientationLandscapeRight";
				INFOPLIST_KEY_UISupportedInterfaceOrientations_iPhone = "UIInterfaceOrientationPortrait UIInterfaceOrientationLandscapeLeft UIInterfaceOrientationLandscapeRight";
				IPHONEOS_DEPLOYMENT_TARGET = 16.2;
				LD_RUNPATH_SEARCH_PATHS = "@executable_path/Frameworks";
				"LD_RUNPATH_SEARCH_PATHS[sdk=macosx*]" = "@executable_path/../Frameworks";
				MACOSX_DEPLOYMENT_TARGET = 13.1;
				MARKETING_VERSION = 1.0;
				PRODUCT_BUNDLE_IDENTIFIER = "com.littlemustard.SwiftUI-MVC-Test";
				PRODUCT_NAME = "$(TARGET_NAME)";
				SDKROOT = auto;
				SUPPORTED_PLATFORMS = "iphoneos iphonesimulator macosx";
				SWIFT_EMIT_LOC_STRINGS = YES;
				SWIFT_VERSION = 5.0;
				TARGETED_DEVICE_FAMILY = "1,2";
			};
			name = Release;
		};
/* End XCBuildConfiguration section */

/* Begin XCConfigurationList section */
		820322B229A6C0FD00B02726 /* Build configuration list for PBXProject "SwiftUI MVC Test" */ = {
			isa = XCConfigurationList;
			buildConfigurations = (
				820322C429A6C0FD00B02726 /* Debug */,
				820322C529A6C0FD00B02726 /* Release */,
			);
			defaultConfigurationIsVisible = 0;
			defaultConfigurationName = Release;
		};
		820322C629A6C0FD00B02726 /* Build configuration list for PBXNativeTarget "SwiftUI MVC Test" */ = {
			isa = XCConfigurationList;
			buildConfigurations = (
				820322C729A6C0FD00B02726 /* Debug */,
				820322C829A6C0FD00B02726 /* Release */,
			);
			defaultConfigurationIsVisible = 0;
			defaultConfigurationName = Release;
		};
/* End XCConfigurationList section */
	};
	rootObject = 820322AF29A6C0FD00B02726 /* Project object */;
}
